// !$*UTF8*$!
{
	archiveVersion = 1;
	classes = {
	};
	objectVersion = 46;
	objects = {

/* Begin PBXBuildFile section */
		EC5D33AF93E1C419028F0162 /* libPods-super herois.a in Frameworks */ = {isa = PBXBuildFile; fileRef = 18AB2E81FE26601A196ED2ED /* libPods-super herois.a */; };
		F91B26CB1EE058B30035201F /* InfosCell.m in Sources */ = {isa = PBXBuildFile; fileRef = F91B26C91EE058B30035201F /* InfosCell.m */; };
		F91B26CC1EE058B30035201F /* InfosCell.xib in Resources */ = {isa = PBXBuildFile; fileRef = F91B26CA1EE058B30035201F /* InfosCell.xib */; };
		F91B26D01EE0DD1D0035201F /* InfoExtraCell.m in Sources */ = {isa = PBXBuildFile; fileRef = F91B26CE1EE0DD1D0035201F /* InfoExtraCell.m */; };
		F91B26D11EE0DD1D0035201F /* InfoExtraCell.xib in Resources */ = {isa = PBXBuildFile; fileRef = F91B26CF1EE0DD1D0035201F /* InfoExtraCell.xib */; };
		F91B27031EE1003F0035201F /* DescCell.m in Sources */ = {isa = PBXBuildFile; fileRef = F91B27011EE1003F0035201F /* DescCell.m */; };
		F91B27041EE1003F0035201F /* DescCell.xib in Resources */ = {isa = PBXBuildFile; fileRef = F91B27021EE1003F0035201F /* DescCell.xib */; };
		F9297ECD1EDCFAFE00A4124E /* Assets.xcassets in Resources */ = {isa = PBXBuildFile; fileRef = F9297ECC1EDCFAFE00A4124E /* Assets.xcassets */; };
		F96403D21EDE6D1900F0ADB5 /* SuperHeroCell.m in Sources */ = {isa = PBXBuildFile; fileRef = F96403CF1EDE6D1900F0ADB5 /* SuperHeroCell.m */; };
		F96403D31EDE6D1900F0ADB5 /* ViewController.m in Sources */ = {isa = PBXBuildFile; fileRef = F96403D11EDE6D1900F0ADB5 /* ViewController.m */; };
		F96403D71EDE6F2900F0ADB5 /* BuscaViewController.m in Sources */ = {isa = PBXBuildFile; fileRef = F96403D61EDE6F2900F0ADB5 /* BuscaViewController.m */; };
		F98B77A11EDC762C00C2F65D /* main.m in Sources */ = {isa = PBXBuildFile; fileRef = F98B77A01EDC762C00C2F65D /* main.m */; };
		F98B77A41EDC762C00C2F65D /* AppDelegate.m in Sources */ = {isa = PBXBuildFile; fileRef = F98B77A31EDC762C00C2F65D /* AppDelegate.m */; };
		F98B77AA1EDC762C00C2F65D /* Main.storyboard in Resources */ = {isa = PBXBuildFile; fileRef = F98B77A81EDC762C00C2F65D /* Main.storyboard */; };
		F98B77AF1EDC762C00C2F65D /* LaunchScreen.storyboard in Resources */ = {isa = PBXBuildFile; fileRef = F98B77AD1EDC762C00C2F65D /* LaunchScreen.storyboard */; };
		F9C3151E1EDC9B8E0093714B /* Characters.m in Sources */ = {isa = PBXBuildFile; fileRef = F9C3151D1EDC9B8E0093714B /* Characters.m */; };
		F9C315211EDC9D1E0093714B /* CharactersData.m in Sources */ = {isa = PBXBuildFile; fileRef = F9C315201EDC9D1E0093714B /* CharactersData.m */; };
		F9C315241EDCA39C0093714B /* CharacterItem.m in Sources */ = {isa = PBXBuildFile; fileRef = F9C315231EDCA39C0093714B /* CharacterItem.m */; };
		F9C315271EDCACD80093714B /* HeroesService.m in Sources */ = {isa = PBXBuildFile; fileRef = F9C315261EDCACD80093714B /* HeroesService.m */; };
		F9C4C5661EDFB0060046ABC1 /* DetailsViewController.m in Sources */ = {isa = PBXBuildFile; fileRef = F9C4C5651EDFB0060046ABC1 /* DetailsViewController.m */; };
		F9C4C56B1EDFBA750046ABC1 /* HeaderViewTableViewCell.m in Sources */ = {isa = PBXBuildFile; fileRef = F9C4C5691EDFBA750046ABC1 /* HeaderViewTableViewCell.m */; };
		F9C4C56C1EDFBA750046ABC1 /* HeaderViewTableViewCell.xib in Resources */ = {isa = PBXBuildFile; fileRef = F9C4C56A1EDFBA750046ABC1 /* HeaderViewTableViewCell.xib */; };
/* End PBXBuildFile section */

/* Begin PBXFileReference section */
		09B10234C3E45AD19ECA5E00 /* Pods-super herois.release.xcconfig */ = {isa = PBXFileReference; includeInIndex = 1; lastKnownFileType = text.xcconfig; name = "Pods-super herois.release.xcconfig"; path = "Pods/Target Support Files/Pods-super herois/Pods-super herois.release.xcconfig"; sourceTree = "<group>"; };
		18AB2E81FE26601A196ED2ED /* libPods-super herois.a */ = {isa = PBXFileReference; explicitFileType = archive.ar; includeInIndex = 0; path = "libPods-super herois.a"; sourceTree = BUILT_PRODUCTS_DIR; };
		E2F2331DD1CE5826A81C9E25 /* Pods-super herois.debug.xcconfig */ = {isa = PBXFileReference; includeInIndex = 1; lastKnownFileType = text.xcconfig; name = "Pods-super herois.debug.xcconfig"; path = "Pods/Target Support Files/Pods-super herois/Pods-super herois.debug.xcconfig"; sourceTree = "<group>"; };
		F91B26C81EE058B30035201F /* InfosCell.h */ = {isa = PBXFileReference; fileEncoding = 4; lastKnownFileType = sourcecode.c.h; path = InfosCell.h; sourceTree = "<group>"; };
		F91B26C91EE058B30035201F /* InfosCell.m */ = {isa = PBXFileReference; fileEncoding = 4; lastKnownFileType = sourcecode.c.objc; path = InfosCell.m; sourceTree = "<group>"; };
		F91B26CA1EE058B30035201F /* InfosCell.xib */ = {isa = PBXFileReference; fileEncoding = 4; lastKnownFileType = file.xib; path = InfosCell.xib; sourceTree = "<group>"; };
		F91B26CD1EE0DD1D0035201F /* InfoExtraCell.h */ = {isa = PBXFileReference; fileEncoding = 4; lastKnownFileType = sourcecode.c.h; path = InfoExtraCell.h; sourceTree = "<group>"; };
		F91B26CE1EE0DD1D0035201F /* InfoExtraCell.m */ = {isa = PBXFileReference; fileEncoding = 4; lastKnownFileType = sourcecode.c.objc; path = InfoExtraCell.m; sourceTree = "<group>"; };
		F91B26CF1EE0DD1D0035201F /* InfoExtraCell.xib */ = {isa = PBXFileReference; fileEncoding = 4; lastKnownFileType = file.xib; path = InfoExtraCell.xib; sourceTree = "<group>"; };
		F91B26D21EE0F5BF0035201F /* SystemConfiguration.framework */ = {isa = PBXFileReference; lastKnownFileType = wrapper.framework; name = SystemConfiguration.framework; path = System/Library/Frameworks/SystemConfiguration.framework; sourceTree = SDKROOT; };
		F91B26FE1EE0F7D30035201F /* Foundation.framework */ = {isa = PBXFileReference; lastKnownFileType = wrapper.framework; name = Foundation.framework; path = System/Library/Frameworks/Foundation.framework; sourceTree = SDKROOT; };
		F91B27001EE1003F0035201F /* DescCell.h */ = {isa = PBXFileReference; fileEncoding = 4; lastKnownFileType = sourcecode.c.h; path = DescCell.h; sourceTree = "<group>"; };
		F91B27011EE1003F0035201F /* DescCell.m */ = {isa = PBXFileReference; fileEncoding = 4; lastKnownFileType = sourcecode.c.objc; path = DescCell.m; sourceTree = "<group>"; };
		F91B27021EE1003F0035201F /* DescCell.xib */ = {isa = PBXFileReference; fileEncoding = 4; lastKnownFileType = file.xib; path = DescCell.xib; sourceTree = "<group>"; };
		F9297ECC1EDCFAFE00A4124E /* Assets.xcassets */ = {isa = PBXFileReference; lastKnownFileType = folder.assetcatalog; path = Assets.xcassets; sourceTree = "<group>"; };
		F96403CE1EDE6D1900F0ADB5 /* SuperHeroCell.h */ = {isa = PBXFileReference; fileEncoding = 4; lastKnownFileType = sourcecode.c.h; path = SuperHeroCell.h; sourceTree = "<group>"; };
		F96403CF1EDE6D1900F0ADB5 /* SuperHeroCell.m */ = {isa = PBXFileReference; fileEncoding = 4; lastKnownFileType = sourcecode.c.objc; path = SuperHeroCell.m; sourceTree = "<group>"; };
		F96403D01EDE6D1900F0ADB5 /* ViewController.h */ = {isa = PBXFileReference; fileEncoding = 4; lastKnownFileType = sourcecode.c.h; path = ViewController.h; sourceTree = "<group>"; };
		F96403D11EDE6D1900F0ADB5 /* ViewController.m */ = {isa = PBXFileReference; fileEncoding = 4; lastKnownFileType = sourcecode.c.objc; path = ViewController.m; sourceTree = "<group>"; };
		F96403D51EDE6F2900F0ADB5 /* BuscaViewController.h */ = {isa = PBXFileReference; fileEncoding = 4; lastKnownFileType = sourcecode.c.h; path = BuscaViewController.h; sourceTree = "<group>"; };
		F96403D61EDE6F2900F0ADB5 /* BuscaViewController.m */ = {isa = PBXFileReference; fileEncoding = 4; lastKnownFileType = sourcecode.c.objc; path = BuscaViewController.m; sourceTree = "<group>"; };
		F98B779C1EDC762C00C2F65D /* super herois.app */ = {isa = PBXFileReference; explicitFileType = wrapper.application; includeInIndex = 0; path = "super herois.app"; sourceTree = BUILT_PRODUCTS_DIR; };
		F98B77A01EDC762C00C2F65D /* main.m */ = {isa = PBXFileReference; lastKnownFileType = sourcecode.c.objc; path = main.m; sourceTree = "<group>"; };
		F98B77A21EDC762C00C2F65D /* AppDelegate.h */ = {isa = PBXFileReference; lastKnownFileType = sourcecode.c.h; path = AppDelegate.h; sourceTree = "<group>"; };
		F98B77A31EDC762C00C2F65D /* AppDelegate.m */ = {isa = PBXFileReference; lastKnownFileType = sourcecode.c.objc; path = AppDelegate.m; sourceTree = "<group>"; };
		F98B77A91EDC762C00C2F65D /* Base */ = {isa = PBXFileReference; lastKnownFileType = file.storyboard; name = Base; path = Base.lproj/Main.storyboard; sourceTree = "<group>"; };
		F98B77AE1EDC762C00C2F65D /* Base */ = {isa = PBXFileReference; lastKnownFileType = file.storyboard; name = Base; path = Base.lproj/LaunchScreen.storyboard; sourceTree = "<group>"; };
		F98B77B01EDC762C00C2F65D /* Info.plist */ = {isa = PBXFileReference; lastKnownFileType = text.plist.xml; path = Info.plist; sourceTree = "<group>"; };
		F9C3151C1EDC9B8E0093714B /* Characters.h */ = {isa = PBXFileReference; fileEncoding = 4; lastKnownFileType = sourcecode.c.h; path = Characters.h; sourceTree = "<group>"; };
		F9C3151D1EDC9B8E0093714B /* Characters.m */ = {isa = PBXFileReference; fileEncoding = 4; lastKnownFileType = sourcecode.c.objc; path = Characters.m; sourceTree = "<group>"; };
		F9C3151F1EDC9D1E0093714B /* CharactersData.h */ = {isa = PBXFileReference; fileEncoding = 4; lastKnownFileType = sourcecode.c.h; path = CharactersData.h; sourceTree = "<group>"; };
		F9C315201EDC9D1E0093714B /* CharactersData.m */ = {isa = PBXFileReference; fileEncoding = 4; lastKnownFileType = sourcecode.c.objc; path = CharactersData.m; sourceTree = "<group>"; };
		F9C315221EDCA39C0093714B /* CharacterItem.h */ = {isa = PBXFileReference; fileEncoding = 4; lastKnownFileType = sourcecode.c.h; path = CharacterItem.h; sourceTree = "<group>"; };
		F9C315231EDCA39C0093714B /* CharacterItem.m */ = {isa = PBXFileReference; fileEncoding = 4; lastKnownFileType = sourcecode.c.objc; path = CharacterItem.m; sourceTree = "<group>"; };
		F9C315251EDCACD80093714B /* HeroesService.h */ = {isa = PBXFileReference; fileEncoding = 4; lastKnownFileType = sourcecode.c.h; path = HeroesService.h; sourceTree = "<group>"; };
		F9C315261EDCACD80093714B /* HeroesService.m */ = {isa = PBXFileReference; fileEncoding = 4; lastKnownFileType = sourcecode.c.objc; path = HeroesService.m; sourceTree = "<group>"; };
		F9C3152C1EDCB0420093714B /* Constants.h */ = {isa = PBXFileReference; lastKnownFileType = sourcecode.c.h; path = Constants.h; sourceTree = "<group>"; };
		F9C4C5641EDFB0060046ABC1 /* DetailsViewController.h */ = {isa = PBXFileReference; fileEncoding = 4; lastKnownFileType = sourcecode.c.h; path = DetailsViewController.h; sourceTree = "<group>"; };
		F9C4C5651EDFB0060046ABC1 /* DetailsViewController.m */ = {isa = PBXFileReference; fileEncoding = 4; lastKnownFileType = sourcecode.c.objc; path = DetailsViewController.m; sourceTree = "<group>"; };
		F9C4C5681EDFBA750046ABC1 /* HeaderViewTableViewCell.h */ = {isa = PBXFileReference; fileEncoding = 4; lastKnownFileType = sourcecode.c.h; path = HeaderViewTableViewCell.h; sourceTree = "<group>"; };
		F9C4C5691EDFBA750046ABC1 /* HeaderViewTableViewCell.m */ = {isa = PBXFileReference; fileEncoding = 4; lastKnownFileType = sourcecode.c.objc; path = HeaderViewTableViewCell.m; sourceTree = "<group>"; };
		F9C4C56A1EDFBA750046ABC1 /* HeaderViewTableViewCell.xib */ = {isa = PBXFileReference; fileEncoding = 4; lastKnownFileType = file.xib; path = HeaderViewTableViewCell.xib; sourceTree = "<group>"; };
/* End PBXFileReference section */

/* Begin PBXFrameworksBuildPhase section */
		F98B77991EDC762C00C2F65D /* Frameworks */ = {
			isa = PBXFrameworksBuildPhase;
			buildActionMask = 2147483647;
			files = (
				EC5D33AF93E1C419028F0162 /* libPods-super herois.a in Frameworks */,
			);
			runOnlyForDeploymentPostprocessing = 0;
		};
/* End PBXFrameworksBuildPhase section */

/* Begin PBXGroup section */
		24FD5F30F17ED61B8E61A65A /* Pods */ = {
			isa = PBXGroup;
			children = (
				E2F2331DD1CE5826A81C9E25 /* Pods-super herois.debug.xcconfig */,
				09B10234C3E45AD19ECA5E00 /* Pods-super herois.release.xcconfig */,
			);
			name = Pods;
			sourceTree = "<group>";
		};
		5C0A4741C16C1246619B1004 /* Frameworks */ = {
			isa = PBXGroup;
			children = (
				F91B26FE1EE0F7D30035201F /* Foundation.framework */,
				F91B26D21EE0F5BF0035201F /* SystemConfiguration.framework */,
				18AB2E81FE26601A196ED2ED /* libPods-super herois.a */,
			);
			name = Frameworks;
			sourceTree = "<group>";
		};
		F96403C91EDE69AB00F0ADB5 /* DashBoard */ = {
			isa = PBXGroup;
			children = (
				F96403CC1EDE6D1900F0ADB5 /* DashBoard */,
			);
			name = DashBoard;
			sourceTree = "<group>";
		};
		F96403CA1EDE69F300F0ADB5 /* search */ = {
			isa = PBXGroup;
			children = (
			);
			path = search;
			sourceTree = "<group>";
		};
		F96403CC1EDE6D1900F0ADB5 /* DashBoard */ = {
			isa = PBXGroup;
			children = (
				F96403CD1EDE6D1900F0ADB5 /* cells */,
				F96403D01EDE6D1900F0ADB5 /* ViewController.h */,
				F96403D11EDE6D1900F0ADB5 /* ViewController.m */,
			);
			path = DashBoard;
			sourceTree = "<group>";
		};
		F96403CD1EDE6D1900F0ADB5 /* cells */ = {
			isa = PBXGroup;
			children = (
				F96403CE1EDE6D1900F0ADB5 /* SuperHeroCell.h */,
				F96403CF1EDE6D1900F0ADB5 /* SuperHeroCell.m */,
			);
			path = cells;
			sourceTree = "<group>";
		};
		F96403D41EDE6F0E00F0ADB5 /* busca */ = {
			isa = PBXGroup;
			children = (
				F96403D51EDE6F2900F0ADB5 /* BuscaViewController.h */,
				F96403D61EDE6F2900F0ADB5 /* BuscaViewController.m */,
			);
			path = busca;
			sourceTree = "<group>";
		};
		F98B77931EDC762C00C2F65D = {
			isa = PBXGroup;
			children = (
				F98B779E1EDC762C00C2F65D /* super herois */,
				F98B779D1EDC762C00C2F65D /* Products */,
				24FD5F30F17ED61B8E61A65A /* Pods */,
				5C0A4741C16C1246619B1004 /* Frameworks */,
			);
			sourceTree = "<group>";
		};
		F98B779D1EDC762C00C2F65D /* Products */ = {
			isa = PBXGroup;
			children = (
				F98B779C1EDC762C00C2F65D /* super herois.app */,
			);
			name = Products;
			sourceTree = "<group>";
		};
		F98B779E1EDC762C00C2F65D /* super herois */ = {
			isa = PBXGroup;
			children = (
				F9C4C5631EDFAFEE0046ABC1 /* details */,
				F96403D41EDE6F0E00F0ADB5 /* busca */,
				F96403CA1EDE69F300F0ADB5 /* search */,
				F9297ECC1EDCFAFE00A4124E /* Assets.xcassets */,
				F9C3151A1EDC9B7F0093714B /* model */,
				F9C3151B1EDC9B7F0093714B /* services */,
				F98B77A21EDC762C00C2F65D /* AppDelegate.h */,
				F98B77A31EDC762C00C2F65D /* AppDelegate.m */,
				F96403C91EDE69AB00F0ADB5 /* DashBoard */,
				F98B77A81EDC762C00C2F65D /* Main.storyboard */,
				F98B77AD1EDC762C00C2F65D /* LaunchScreen.storyboard */,
				F98B77B01EDC762C00C2F65D /* Info.plist */,
				F98B779F1EDC762C00C2F65D /* Supporting Files */,
			);
			path = "super herois";
			sourceTree = "<group>";
		};
		F98B779F1EDC762C00C2F65D /* Supporting Files */ = {
			isa = PBXGroup;
			children = (
				F98B77A01EDC762C00C2F65D /* main.m */,
				F9C3152C1EDCB0420093714B /* Constants.h */,
			);
			name = "Supporting Files";
			sourceTree = "<group>";
		};
		F9C3151A1EDC9B7F0093714B /* model */ = {
			isa = PBXGroup;
			children = (
				F9C3151C1EDC9B8E0093714B /* Characters.h */,
				F9C3151D1EDC9B8E0093714B /* Characters.m */,
				F9C3151F1EDC9D1E0093714B /* CharactersData.h */,
				F9C315201EDC9D1E0093714B /* CharactersData.m */,
				F9C315221EDCA39C0093714B /* CharacterItem.h */,
				F9C315231EDCA39C0093714B /* CharacterItem.m */,
			);
			path = model;
			sourceTree = "<group>";
		};
		F9C3151B1EDC9B7F0093714B /* services */ = {
			isa = PBXGroup;
			children = (
				F9C315251EDCACD80093714B /* HeroesService.h */,
				F9C315261EDCACD80093714B /* HeroesService.m */,
			);
			path = services;
			sourceTree = "<group>";
		};
		F9C4C5631EDFAFEE0046ABC1 /* details */ = {
			isa = PBXGroup;
			children = (
				F9C4C5671EDFBA440046ABC1 /* cell */,
				F9C4C5641EDFB0060046ABC1 /* DetailsViewController.h */,
				F9C4C5651EDFB0060046ABC1 /* DetailsViewController.m */,
			);
			path = details;
			sourceTree = "<group>";
		};
		F9C4C5671EDFBA440046ABC1 /* cell */ = {
			isa = PBXGroup;
			children = (
				F9C4C5681EDFBA750046ABC1 /* HeaderViewTableViewCell.h */,
				F9C4C5691EDFBA750046ABC1 /* HeaderViewTableViewCell.m */,
				F9C4C56A1EDFBA750046ABC1 /* HeaderViewTableViewCell.xib */,
				F91B26C81EE058B30035201F /* InfosCell.h */,
				F91B26C91EE058B30035201F /* InfosCell.m */,
				F91B26CA1EE058B30035201F /* InfosCell.xib */,
				F91B26CD1EE0DD1D0035201F /* InfoExtraCell.h */,
				F91B26CE1EE0DD1D0035201F /* InfoExtraCell.m */,
				F91B26CF1EE0DD1D0035201F /* InfoExtraCell.xib */,
				F91B27001EE1003F0035201F /* DescCell.h */,
				F91B27011EE1003F0035201F /* DescCell.m */,
				F91B27021EE1003F0035201F /* DescCell.xib */,
			);
			path = cell;
			sourceTree = "<group>";
		};
/* End PBXGroup section */

/* Begin PBXNativeTarget section */
		F98B779B1EDC762C00C2F65D /* super herois */ = {
			isa = PBXNativeTarget;
			buildConfigurationList = F98B77B31EDC762C00C2F65D /* Build configuration list for PBXNativeTarget "super herois" */;
			buildPhases = (
				AB92E7F66DB20FA9C07982C1 /* [CP] Check Pods Manifest.lock */,
				F98B77981EDC762C00C2F65D /* Sources */,
				F98B77991EDC762C00C2F65D /* Frameworks */,
				F98B779A1EDC762C00C2F65D /* Resources */,
				E99E7D3F7C633DE8E9508FC5 /* [CP] Embed Pods Frameworks */,
				8B6649D4196D6389DC035965 /* [CP] Copy Pods Resources */,
			);
			buildRules = (
			);
			dependencies = (
			);
			name = "super herois";
			productName = "super herois";
			productReference = F98B779C1EDC762C00C2F65D /* super herois.app */;
			productType = "com.apple.product-type.application";
		};
/* End PBXNativeTarget section */

/* Begin PBXProject section */
		F98B77941EDC762C00C2F65D /* Project object */ = {
			isa = PBXProject;
			attributes = {
				LastUpgradeCheck = 0830;
				ORGANIZATIONNAME = "Paulo Sales";
				TargetAttributes = {
					F98B779B1EDC762C00C2F65D = {
						CreatedOnToolsVersion = 8.3.2;
						DevelopmentTeam = K6P496DL7B;
						ProvisioningStyle = Automatic;
					};
				};
			};
			buildConfigurationList = F98B77971EDC762C00C2F65D /* Build configuration list for PBXProject "super herois" */;
			compatibilityVersion = "Xcode 3.2";
			developmentRegion = English;
			hasScannedForEncodings = 0;
			knownRegions = (
				en,
				Base,
			);
			mainGroup = F98B77931EDC762C00C2F65D;
			productRefGroup = F98B779D1EDC762C00C2F65D /* Products */;
			projectDirPath = "";
			projectRoot = "";
			targets = (
				F98B779B1EDC762C00C2F65D /* super herois */,
			);
		};
/* End PBXProject section */

/* Begin PBXResourcesBuildPhase section */
		F98B779A1EDC762C00C2F65D /* Resources */ = {
			isa = PBXResourcesBuildPhase;
			buildActionMask = 2147483647;
			files = (
				F98B77AF1EDC762C00C2F65D /* LaunchScreen.storyboard in Resources */,
				F91B26CC1EE058B30035201F /* InfosCell.xib in Resources */,
				F9297ECD1EDCFAFE00A4124E /* Assets.xcassets in Resources */,
				F98B77AA1EDC762C00C2F65D /* Main.storyboard in Resources */,
				F91B27041EE1003F0035201F /* DescCell.xib in Resources */,
				F91B26D11EE0DD1D0035201F /* InfoExtraCell.xib in Resources */,
				F9C4C56C1EDFBA750046ABC1 /* HeaderViewTableViewCell.xib in Resources */,
			);
			runOnlyForDeploymentPostprocessing = 0;
		};
/* End PBXResourcesBuildPhase section */

/* Begin PBXShellScriptBuildPhase section */
		8B6649D4196D6389DC035965 /* [CP] Copy Pods Resources */ = {
			isa = PBXShellScriptBuildPhase;
			buildActionMask = 2147483647;
			files = (
			);
			inputPaths = (
			);
			name = "[CP] Copy Pods Resources";
			outputPaths = (
			);
			runOnlyForDeploymentPostprocessing = 0;
			shellPath = /bin/sh;
			shellScript = "\"${SRCROOT}/Pods/Target Support Files/Pods-super herois/Pods-super herois-resources.sh\"\n";
			showEnvVarsInLog = 0;
		};
		AB92E7F66DB20FA9C07982C1 /* [CP] Check Pods Manifest.lock */ = {
			isa = PBXShellScriptBuildPhase;
			buildActionMask = 2147483647;
			files = (
			);
			inputPaths = (
			);
			name = "[CP] Check Pods Manifest.lock";
			outputPaths = (
			);
			runOnlyForDeploymentPostprocessing = 0;
			shellPath = /bin/sh;
			shellScript = "diff \"${PODS_PODFILE_DIR_PATH}/Podfile.lock\" \"${PODS_ROOT}/Manifest.lock\" > /dev/null\nif [ $? != 0 ] ; then\n    # print error to STDERR\n    echo \"error: The sandbox is not in sync with the Podfile.lock. Run 'pod install' or update your CocoaPods installation.\" >&2\n    exit 1\nfi\n";
			showEnvVarsInLog = 0;
		};
		E99E7D3F7C633DE8E9508FC5 /* [CP] Embed Pods Frameworks */ = {
			isa = PBXShellScriptBuildPhase;
			buildActionMask = 2147483647;
			files = (
			);
			inputPaths = (
			);
			name = "[CP] Embed Pods Frameworks";
			outputPaths = (
			);
			runOnlyForDeploymentPostprocessing = 0;
			shellPath = /bin/sh;
			shellScript = "\"${SRCROOT}/Pods/Target Support Files/Pods-super herois/Pods-super herois-frameworks.sh\"\n";
			showEnvVarsInLog = 0;
		};
/* End PBXShellScriptBuildPhase section */

/* Begin PBXSourcesBuildPhase section */
		F98B77981EDC762C00C2F65D /* Sources */ = {
			isa = PBXSourcesBuildPhase;
			buildActionMask = 2147483647;
			files = (
				F9C315271EDCACD80093714B /* HeroesService.m in Sources */,
				F91B26CB1EE058B30035201F /* InfosCell.m in Sources */,
				F9C4C5661EDFB0060046ABC1 /* DetailsViewController.m in Sources */,
				F9C315241EDCA39C0093714B /* CharacterItem.m in Sources */,
				F91B26D01EE0DD1D0035201F /* InfoExtraCell.m in Sources */,
				F98B77A41EDC762C00C2F65D /* AppDelegate.m in Sources */,
				F9C4C56B1EDFBA750046ABC1 /* HeaderViewTableViewCell.m in Sources */,
				F96403D31EDE6D1900F0ADB5 /* ViewController.m in Sources */,
				F96403D71EDE6F2900F0ADB5 /* BuscaViewController.m in Sources */,
				F98B77A11EDC762C00C2F65D /* main.m in Sources */,
				F96403D21EDE6D1900F0ADB5 /* SuperHeroCell.m in Sources */,
				F9C3151E1EDC9B8E0093714B /* Characters.m in Sources */,
				F91B27031EE1003F0035201F /* DescCell.m in Sources */,
				F9C315211EDC9D1E0093714B /* CharactersData.m in Sources */,
			);
			runOnlyForDeploymentPostprocessing = 0;
		};
/* End PBXSourcesBuildPhase section */

/* Begin PBXVariantGroup section */
		F98B77A81EDC762C00C2F65D /* Main.storyboard */ = {
			isa = PBXVariantGroup;
			children = (
				F98B77A91EDC762C00C2F65D /* Base */,
			);
			name = Main.storyboard;
			sourceTree = "<group>";
		};
		F98B77AD1EDC762C00C2F65D /* LaunchScreen.storyboard */ = {
			isa = PBXVariantGroup;
			children = (
				F98B77AE1EDC762C00C2F65D /* Base */,
			);
			name = LaunchScreen.storyboard;
			sourceTree = "<group>";
		};
/* End PBXVariantGroup section */

/* Begin XCBuildConfiguration section */
		F98B77B11EDC762C00C2F65D /* Debug */ = {
			isa = XCBuildConfiguration;
			buildSettings = {
				ALWAYS_SEARCH_USER_PATHS = NO;
				CLANG_ANALYZER_NONNULL = YES;
				CLANG_ANALYZER_NUMBER_OBJECT_CONVERSION = YES_AGGRESSIVE;
				CLANG_CXX_LANGUAGE_STANDARD = "gnu++0x";
				CLANG_CXX_LIBRARY = "libc++";
				CLANG_ENABLE_MODULES = YES;
				CLANG_ENABLE_OBJC_ARC = YES;
				CLANG_WARN_BOOL_CONVERSION = YES;
				CLANG_WARN_CONSTANT_CONVERSION = YES;
				CLANG_WARN_DIRECT_OBJC_ISA_USAGE = YES_ERROR;
				CLANG_WARN_DOCUMENTATION_COMMENTS = YES;
				CLANG_WARN_EMPTY_BODY = YES;
				CLANG_WARN_ENUM_CONVERSION = YES;
				CLANG_WARN_INFINITE_RECURSION = YES;
				CLANG_WARN_INT_CONVERSION = YES;
				CLANG_WARN_OBJC_ROOT_CLASS = YES_ERROR;
				CLANG_WARN_SUSPICIOUS_MOVE = YES;
				CLANG_WARN_UNREACHABLE_CODE = YES;
				CLANG_WARN__DUPLICATE_METHOD_MATCH = YES;
				"CODE_SIGN_IDENTITY[sdk=iphoneos*]" = "iPhone Developer";
				COPY_PHASE_STRIP = NO;
				DEBUG_INFORMATION_FORMAT = dwarf;
				ENABLE_STRICT_OBJC_MSGSEND = YES;
				ENABLE_TESTABILITY = YES;
				GCC_C_LANGUAGE_STANDARD = gnu99;
				GCC_DYNAMIC_NO_PIC = NO;
				GCC_NO_COMMON_BLOCKS = YES;
				GCC_OPTIMIZATION_LEVEL = 0;
				GCC_PREPROCESSOR_DEFINITIONS = (
					"DEBUG=1",
					"$(inherited)",
				);
				GCC_WARN_64_TO_32_BIT_CONVERSION = YES;
				GCC_WARN_ABOUT_RETURN_TYPE = YES_ERROR;
				GCC_WARN_UNDECLARED_SELECTOR = YES;
				GCC_WARN_UNINITIALIZED_AUTOS = YES_AGGRESSIVE;
				GCC_WARN_UNUSED_FUNCTION = YES;
				GCC_WARN_UNUSED_VARIABLE = YES;
				IPHONEOS_DEPLOYMENT_TARGET = 10.3;
				MTL_ENABLE_DEBUG_INFO = YES;
				ONLY_ACTIVE_ARCH = YES;
				SDKROOT = iphoneos;
			};
			name = Debug;
		};
		F98B77B21EDC762C00C2F65D /* Release */ = {
			isa = XCBuildConfiguration;
			buildSettings = {
				ALWAYS_SEARCH_USER_PATHS = NO;
				CLANG_ANALYZER_NONNULL = YES;
				CLANG_ANALYZER_NUMBER_OBJECT_CONVERSION = YES_AGGRESSIVE;
				CLANG_CXX_LANGUAGE_STANDARD = "gnu++0x";
				CLANG_CXX_LIBRARY = "libc++";
				CLANG_ENABLE_MODULES = YES;
				CLANG_ENABLE_OBJC_ARC = YES;
				CLANG_WARN_BOOL_CONVERSION = YES;
				CLANG_WARN_CONSTANT_CONVERSION = YES;
				CLANG_WARN_DIRECT_OBJC_ISA_USAGE = YES_ERROR;
				CLANG_WARN_DOCUMENTATION_COMMENTS = YES;
				CLANG_WARN_EMPTY_BODY = YES;
				CLANG_WARN_ENUM_CONVERSION = YES;
				CLANG_WARN_INFINITE_RECURSION = YES;
				CLANG_WARN_INT_CONVERSION = YES;
				CLANG_WARN_OBJC_ROOT_CLASS = YES_ERROR;
				CLANG_WARN_SUSPICIOUS_MOVE = YES;
				CLANG_WARN_UNREACHABLE_CODE = YES;
				CLANG_WARN__DUPLICATE_METHOD_MATCH = YES;
				"CODE_SIGN_IDENTITY[sdk=iphoneos*]" = "iPhone Developer";
				COPY_PHASE_STRIP = NO;
				DEBUG_INFORMATION_FORMAT = "dwarf-with-dsym";
				ENABLE_NS_ASSERTIONS = NO;
				ENABLE_STRICT_OBJC_MSGSEND = YES;
				GCC_C_LANGUAGE_STANDARD = gnu99;
				GCC_NO_COMMON_BLOCKS = YES;
				GCC_WARN_64_TO_32_BIT_CONVERSION = YES;
				GCC_WARN_ABOUT_RETURN_TYPE = YES_ERROR;
				GCC_WARN_UNDECLARED_SELECTOR = YES;
				GCC_WARN_UNINITIALIZED_AUTOS = YES_AGGRESSIVE;
				GCC_WARN_UNUSED_FUNCTION = YES;
				GCC_WARN_UNUSED_VARIABLE = YES;
				IPHONEOS_DEPLOYMENT_TARGET = 10.3;
				MTL_ENABLE_DEBUG_INFO = NO;
				SDKROOT = iphoneos;
				VALIDATE_PRODUCT = YES;
			};
			name = Release;
		};
		F98B77B41EDC762C00C2F65D /* Debug */ = {
			isa = XCBuildConfiguration;
			baseConfigurationReference = E2F2331DD1CE5826A81C9E25 /* Pods-super herois.debug.xcconfig */;
			buildSettings = {
				ASSETCATALOG_COMPILER_APPICON_NAME = AppIcon;
				DEVELOPMENT_TEAM = K6P496DL7B;
				INFOPLIST_FILE = "super herois/Info.plist";
				IPHONEOS_DEPLOYMENT_TARGET = 8.2;
				LD_RUNPATH_SEARCH_PATHS = "$(inherited) @executable_path/Frameworks";
				PRODUCT_BUNDLE_IDENTIFIER = "com.br.super-herois";
				PRODUCT_NAME = "$(TARGET_NAME)";
			};
			name = Debug;
		};
		F98B77B51EDC762C00C2F65D /* Release */ = {
			isa = XCBuildConfiguration;
			baseConfigurationReference = 09B10234C3E45AD19ECA5E00 /* Pods-super herois.release.xcconfig */;
			buildSettings = {
				ASSETCATALOG_COMPILER_APPICON_NAME = AppIcon;
				DEVELOPMENT_TEAM = K6P496DL7B;
				INFOPLIST_FILE = "super herois/Info.plist";
				IPHONEOS_DEPLOYMENT_TARGET = 8.2;
				LD_RUNPATH_SEARCH_PATHS = "$(inherited) @executable_path/Frameworks";
				PRODUCT_BUNDLE_IDENTIFIER = "com.br.super-herois";
				PRODUCT_NAME = "$(TARGET_NAME)";
			};
			name = Release;
		};
/* End XCBuildConfiguration section */

/* Begin XCConfigurationList section */
		F98B77971EDC762C00C2F65D /* Build configuration list for PBXProject "super herois" */ = {
			isa = XCConfigurationList;
			buildConfigurations = (
				F98B77B11EDC762C00C2F65D /* Debug */,
				F98B77B21EDC762C00C2F65D /* Release */,
			);
			defaultConfigurationIsVisible = 0;
			defaultConfigurationName = Release;
		};
		F98B77B31EDC762C00C2F65D /* Build configuration list for PBXNativeTarget "super herois" */ = {
			isa = XCConfigurationList;
			buildConfigurations = (
				F98B77B41EDC762C00C2F65D /* Debug */,
				F98B77B51EDC762C00C2F65D /* Release */,
			);
			defaultConfigurationIsVisible = 0;
			defaultConfigurationName = Release;
		};
/* End XCConfigurationList section */
	};
	rootObject = F98B77941EDC762C00C2F65D /* Project object */;
}
